# This file is autogenerated, do not edit; changes may be undone by the next 'dep ensure'.


[[projects]]
  digest = "1:a2682518d905d662d984ef9959984ef87cecb777d379bfa9d9fe40e78069b3e4"
  name = "github.com/PuerkitoBio/purell"
  packages = ["."]
  pruneopts = "UT"
  revision = "44968752391892e1b0d0b821ee79e9a85fa13049"
  version = "v1.1.1"

[[projects]]
  branch = "master"
  digest = "1:c739832d67eb1e9cc478a19cc1a1ccd78df0397bf8a32978b759152e205f644b"
  name = "github.com/PuerkitoBio/urlesc"
  packages = ["."]
  pruneopts = "UT"
  revision = "de5bf2ad457846296e2031421a34e2568e304e35"

[[projects]]
  digest = "1:320e7ead93de9fd2b0e59b50fd92a4d50c1f8ab455d96bc2eb083267453a9709"
  name = "github.com/asaskevich/govalidator"
  packages = ["."]
  pruneopts = "UT"
  revision = "ccb8e960c48f04d6935e72476ae4a51028f9e22f"
  version = "v9"

[[projects]]
  branch = "master"
  digest = "1:1c2f344e35f879ce228b8ccb5e026c7cea5d26f43420866b567f131264040561"
  name = "github.com/bitrise-io/bitrise-api-client"
  packages = [
    "client",
    "client/activity",
    "client/addons",
    "client/android_keystore_file",
    "client/app_setup",
    "client/application",
    "client/avatar_candidate",
    "client/build_artifact",
    "client/build_certificate",
    "client/build_request",
    "client/builds",
    "client/generic_project_file",
    "client/organizations",
    "client/outgoing_webhook",
    "client/provisioning_profile",
    "client/test_devices",
    "client/user",
    "client/webhook_delivery_item",
    "models",
  ]
  pruneopts = "UT"
  revision = "e05ac0d83d851c8828149fd09497a5aee3679a36"

[[projects]]
  branch = "master"
  digest = "1:7c495c9d61d5565d95390220b53270f45177fc0576673ffd0b34a3b9ed17a932"
  name = "github.com/bitrise-io/go-utils"
  packages = [
    "colorstring",
    "log",
  ]
  pruneopts = "UT"
  revision = "ad86bf775472ce1934affb9d3cb7d5ea3dffd16f"

[[projects]]
  branch = "master"
  digest = "1:7fb51688eadf38272411852d7a2b3538c7caff53309abee6c0964a83c00fe69e"
  name = "github.com/globalsign/mgo"
  packages = [
    "bson",
    "internal/json",
  ]
  pruneopts = "UT"
  revision = "eeefdecb41b842af6dc652aaea4026e8403e62df"

[[projects]]
  digest = "1:adbc24353f685b2045b5881bb15f48cec5267fc70a5ecaf2cf60b1241a43c83a"
  name = "github.com/go-openapi/analysis"
  packages = [
    ".",
    "internal",
  ]
  pruneopts = "UT"
  revision = "9864a87593df5ab83eac00921906932d1d77fae2"
  version = "v0.19.5"

[[projects]]
  digest = "1:ac4b35a4bba11edb2110fca0707bae03ae92fbd8222e6b483465d98efaabfb97"
  name = "github.com/go-openapi/errors"
  packages = ["."]
  pruneopts = "UT"
  revision = "d9664f9fab8994271e573ed69cf2adfc09b7a800"
  version = "v0.17.2"

[[projects]]
  digest = "1:ed15647db08b6d63666bf9755d337725960c302bbfa5e23754b4b915a4797e42"
  name = "github.com/go-openapi/jsonpointer"
  packages = ["."]
  pruneopts = "UT"
  revision = "ed123515f087412cd7ef02e49b0b0a5e6a79a360"
  version = "v0.19.3"

[[projects]]
  digest = "1:451fe53c19443c6941be5d4295edc973a3eb16baccb940efee94284024be03b0"
  name = "github.com/go-openapi/jsonreference"
  packages = ["."]
  pruneopts = "UT"
  revision = "82f31475a8f7a12bc26962f6e26ceade8ea6f66a"
  version = "v0.19.3"

[[projects]]
  digest = "1:2367345ad7529f1116a54e138834d3081bf5d65688a8ce5eb2f16b64fbec7907"
  name = "github.com/go-openapi/loads"
  packages = ["."]
  pruneopts = "UT"
  revision = "c763e5411fc5c14c69d5d44f02b9d92e6f122d2c"
  version = "v0.19.3"

[[projects]]
  digest = "1:cc4f0df1c69dd1928f4dc32ab31a637fcfa4b04b09c78af965d67980cfbfc486"
  name = "github.com/go-openapi/runtime"
  packages = [
    ".",
    "client",
    "logger",
    "middleware",
    "middleware/denco",
    "middleware/header",
    "middleware/untyped",
    "security",
  ]
  pruneopts = "UT"
  revision = "231d7876b7019dbcbfc97a7ba764379497b67c1d"
  version = "v0.17.2"

[[projects]]
  digest = "1:c150e7fc0e12aec7e8b4161e12a4ce3e875290a2cf13a7ef5eed314653866838"
  name = "github.com/go-openapi/spec"
  packages = ["."]
  pruneopts = "UT"
  revision = "2223ab324566e4ace63ab69b9c8fff1b81a40eeb"
  version = "v0.19.3"

[[projects]]
  digest = "1:ffa79f4705a3a85f2412d2d163c37acdf60d128c679e641c323a5de712e23d27"
  name = "github.com/go-openapi/strfmt"
  packages = ["."]
  pruneopts = "UT"
  revision = "edab9990ffc9b4a428f3306ecf4d18a069ca3317"
  version = "v0.17.2"

[[projects]]
  digest = "1:32f3d2e7f343de7263c550d696fb8a64d3c49d8df16b1ddfc8e80e1e4b3233ce"
  name = "github.com/go-openapi/swag"
  packages = ["."]
  pruneopts = "UT"
  revision = "5899d5c5e619fda5fa86e14795a835f473ca284c"
  version = "v0.17.2"

[[projects]]
  digest = "1:efb940175dd4cc8dd47377a856a2b96c6de0a5f53851464119bb940db0578489"
  name = "github.com/go-openapi/validate"
  packages = ["."]
  pruneopts = "UT"
  revision = "d8e712d21b877546d81182812b4a1ae10e42b03f"
  version = "v0.19.3"

[[projects]]
  digest = "1:927762c6729b4e72957ba3310e485ed09cf8451c5a637a52fd016a9fe09e7936"
  name = "github.com/mailru/easyjson"
  packages = [
    "buffer",
    "jlexer",
    "jwriter",
  ]
  pruneopts = "UT"
  revision = "1b2b06f5f209fea48ff5922d8bfb2b9ed5d8f00b"
  version = "v0.7.0"

[[projects]]
  digest = "1:53bc4cd4914cd7cd52139990d5170d6dc99067ae31c56530621b18b35fc30318"
  name = "github.com/mitchellh/mapstructure"
  packages = ["."]
  pruneopts = "UT"
  revision = "3536a929edddb9a5b34bd6861dc4a9647cb459fe"
  version = "v1.1.2"

[[projects]]
  branch = "master"
  digest = "1:15a159ca3e34c429f800dd822cbb37707e98552c9523b8d07fdd244dba62f04b"
  name = "golang.org/x/net"
  packages = ["idna"]
  pruneopts = "UT"
  revision = "da9a3fd4c5820e74b24a6cb7fb438dc9b0dd377c"

[[projects]]
  digest = "1:66a2f252a58b4fbbad0e4e180e1d85a83c222b6bce09c3dcdef3dc87c72eda7c"
  name = "golang.org/x/text"
  packages = [
    "collate",
    "collate/build",
    "internal/colltab",
    "internal/gen",
    "internal/language",
    "internal/language/compact",
    "internal/tag",
    "internal/triegen",
    "internal/ucd",
    "language",
    "secure/bidirule",
    "transform",
    "unicode/bidi",
    "unicode/cldr",
    "unicode/norm",
    "unicode/rangetable",
    "width",
  ]
  pruneopts = "UT"
  revision = "342b2e1fbaa52c93f31447ad2c6abc048c63e475"
  version = "v0.3.2"

[[projects]]
  digest = "1:59f10c1537d2199d9115d946927fe31165959a95190849c82ff11e05803528b0"
  name = "gopkg.in/yaml.v2"
  packages = ["."]
  pruneopts = "UT"
  revision = "f221b8435cfb71e54062f6c6e99e9ade30b124d5"
  version = "v2.2.4"

[solve-meta]
  analyzer-name = "dep"
  analyzer-version = 1
  input-imports = [
    "github.com/bitrise-io/bitrise-api-client/client",
    "github.com/bitrise-io/go-utils/log",
    "github.com/go-openapi/runtime",
    "github.com/go-openapi/runtime/client",
  ]
  solver-name = "gps-cdcl"
  solver-version = 1
